<?xml version="1.0" encoding="utf-8"?>
<Project ToolsVersion="4.0" xmlns="http://schemas.microsoft.com/developer/msbuild/2003">
  <ItemGroup>
    <Filter Include="Source Files">
      <UniqueIdentifier>{566a12fd-eafb-4a07-9447-5ba33b38fcb4}</UniqueIdentifier>
      <Extensions>cpp;c;cxx;def;odl;idl;hpj;bat;asm</Extensions>
    </Filter>
    <Filter Include="Source Files\ai">
      <UniqueIdentifier>{ad75e0f3-ddc1-4783-8aad-66846f348a93}</UniqueIdentifier>
    </Filter>
    <Filter Include="Source Files\createur">
      <UniqueIdentifier>{8b21787f-5cf1-44fd-b271-b502a32acfb9}</UniqueIdentifier>
    </Filter>
    <Filter Include="Header Files">
      <UniqueIdentifier>{e50fca10-cf7d-4975-9f11-b356e020f404}</UniqueIdentifier>
      <Extensions>h;hpp;hxx;hm;inl;inc</Extensions>
    </Filter>
    <Filter Include="Resource Files">
      <UniqueIdentifier>{75ca46c5-0ced-4872-a314-46a3ee6dd80b}</UniqueIdentifier>
      <Extensions>rc;ico;cur;bmp;dlg;rc2;rct;bin;rgs;gif;jpg;jpeg;jpe</Extensions>
    </Filter>
    <Filter Include="www">
      <UniqueIdentifier>{0c434370-ab11-4e55-a7a5-d8debcc92f5a}</UniqueIdentifier>
    </Filter>
  </ItemGroup>
  <ItemGroup>
    <ClCompile Include="ai.cpp">
      <Filter>Source Files</Filter>
    </ClCompile>
    <ClCompile Include="bans.cpp">
      <Filter>Source Files</Filter>
    </ClCompile>
    <ClCompile Include="client.cpp">
      <Filter>Source Files</Filter>
    </ClCompile>
    <ClCompile Include="clients.cpp">
      <Filter>Source Files</Filter>
    </ClCompile>
    <ClCompile Include="commands.cpp">
      <Filter>Source Files</Filter>
    </ClCompile>
    <ClCompile Include="definitions.cpp">
      <Filter>Source Files</Filter>
    </ClCompile>
    <ClCompile Include="door.cpp">
      <Filter>Source Files</Filter>
    </ClCompile>
    <ClCompile Include="doors.cpp">
      <Filter>Source Files</Filter>
    </ClCompile>
    <ClCompile Include="events.cpp">
      <Filter>Source Files</Filter>
    </ClCompile>
    <ClCompile Include="forbnicks.cpp">
      <Filter>Source Files</Filter>
    </ClCompile>
    <ClCompile Include="httpclient.cpp">
      <Filter>Source Files</Filter>
    </ClCompile>
    <ClCompile Include="objcategs.cpp">
      <Filter>Source Files</Filter>
    </ClCompile>
    <ClCompile Include="object.cpp">
      <Filter>Source Files</Filter>
    </ClCompile>
    <ClCompile Include="objects.cpp">
      <Filter>Source Files</Filter>
    </ClCompile>
    <ClCompile Include="player.cpp">
      <Filter>Source Files</Filter>
    </ClCompile>
    <ClCompile Include="players.cpp">
      <Filter>Source Files</Filter>
    </ClCompile>
    <ClCompile Include="precomp.cpp">
      <Filter>Source Files</Filter>
    </ClCompile>
    <ClCompile Include="room.cpp">
      <Filter>Source Files</Filter>
    </ClCompile>
    <ClCompile Include="server.cpp">
      <Filter>Source Files</Filter>
    </ClCompile>
    <ClCompile Include="skill.cpp">
      <Filter>Source Files</Filter>
    </ClCompile>
    <ClCompile Include="skillprots.cpp">
      <Filter>Source Files</Filter>
    </ClCompile>
    <ClCompile Include="skills.cpp">
      <Filter>Source Files</Filter>
    </ClCompile>
    <ClCompile Include="tilkal.cpp">
      <Filter>Source Files</Filter>
    </ClCompile>
    <ClCompile Include="tools.cpp">
      <Filter>Source Files</Filter>
    </ClCompile>
    <ClCompile Include="wwwfiles.cpp">
      <Filter>Source Files</Filter>
    </ClCompile>
    <ClCompile Include="xml.cpp">
      <Filter>Source Files</Filter>
    </ClCompile>
    <ClCompile Include="ai\beggar.cpp">
      <Filter>Source Files\ai</Filter>
    </ClCompile>
    <ClCompile Include="ai\shopkeeper.cpp">
      <Filter>Source Files\ai</Filter>
    </ClCompile>
    <ClCompile Include="ai\standard.cpp">
      <Filter>Source Files\ai</Filter>
    </ClCompile>
    <ClCompile Include="createur\createur.cpp">
      <Filter>Source Files\createur</Filter>
    </ClCompile>
  </ItemGroup>
  <ItemGroup>
    <ClInclude Include="ai\beggar.h">
      <Filter>Source Files\ai</Filter>
    </ClInclude>
    <ClInclude Include="ai\shopkeeper.h">
      <Filter>Source Files\ai</Filter>
    </ClInclude>
    <ClInclude Include="ai\standard.h">
      <Filter>Source Files\ai</Filter>
    </ClInclude>
    <ClInclude Include="createur\createur.h">
      <Filter>Source Files\createur</Filter>
    </ClInclude>
    <ClInclude Include="ai.h">
      <Filter>Header Files</Filter>
    </ClInclude>
    <ClInclude Include="all.h">
      <Filter>Header Files</Filter>
    </ClInclude>
    <ClInclude Include="ban.h">
      <Filter>Header Files</Filter>
    </ClInclude>
    <ClInclude Include="bans.h">
      <Filter>Header Files</Filter>
    </ClInclude>
    <ClInclude Include="client.h">
      <Filter>Header Files</Filter>
    </ClInclude>
    <ClInclude Include="clients.h">
      <Filter>Header Files</Filter>
    </ClInclude>
    <ClInclude Include="door.h">
      <Filter>Header Files</Filter>
    </ClInclude>
    <ClInclude Include="doors.h">
      <Filter>Header Files</Filter>
    </ClInclude>
    <ClInclude Include="event.h">
      <Filter>Header Files</Filter>
    </ClInclude>
    <ClInclude Include="events.h">
      <Filter>Header Files</Filter>
    </ClInclude>
    <ClInclude Include="forbnick.h">
      <Filter>Header Files</Filter>
    </ClInclude>
    <ClInclude Include="forbnicks.h">
      <Filter>Header Files</Filter>
    </ClInclude>
    <ClInclude Include="hache.h">
      <Filter>Header Files</Filter>
    </ClInclude>
    <ClInclude Include="httpclient.h">
      <Filter>Header Files</Filter>
    </ClInclude>
    <ClInclude Include="myarray.h">
      <Filter>Header Files</Filter>
    </ClInclude>
    <ClInclude Include="objcateg.h">
      <Filter>Header Files</Filter>
    </ClInclude>
    <ClInclude Include="objcategs.h">
      <Filter>Header Files</Filter>
    </ClInclude>
    <ClInclude Include="object.h">
      <Filter>Header Files</Filter>
    </ClInclude>
    <ClInclude Include="objects.h">
      <Filter>Header Files</Filter>
    </ClInclude>
    <ClInclude Include="player.h">
      <Filter>Header Files</Filter>
    </ClInclude>
    <ClInclude Include="players.h">
      <Filter>Header Files</Filter>
    </ClInclude>
    <ClInclude Include="server.h">
      <Filter>Header Files</Filter>
    </ClInclude>
    <ClInclude Include="skill.h">
      <Filter>Header Files</Filter>
    </ClInclude>
    <ClInclude Include="skillprot.h">
      <Filter>Header Files</Filter>
    </ClInclude>
    <ClInclude Include="skillprots.h">
      <Filter>Header Files</Filter>
    </ClInclude>
    <ClInclude Include="skills.h">
      <Filter>Header Files</Filter>
    </ClInclude>
    <ClInclude Include="tableaux.h">
      <Filter>Header Files</Filter>
    </ClInclude>
    <ClInclude Include="tilkal.h">
      <Filter>Header Files</Filter>
    </ClInclude>
    <ClInclude Include="tools.h">
      <Filter>Header Files</Filter>
    </ClInclude>
    <ClInclude Include="wwwfiles.h">
      <Filter>Header Files</Filter>
    </ClInclude>
    <ClInclude Include="xml.h">
      <Filter>Header Files</Filter>
    </ClInclude>
  </ItemGroup>
  <ItemGroup>
    <None Include="www\index.html">
      <Filter>www</Filter>
    </None>
    <None Include="www\interface.html">
      <Filter>www</Filter>
    </None>
    <None Include="www\interface.js">
      <Filter>www</Filter>
    </None>
    <None Include="www\style.css">
      <Filter>www</Filter>
    </None>
  </ItemGroup>
</Project>